// !$*UTF8*$!
{
	archiveVersion = 1;
	classes = {
	};
	objectVersion = 48;
	objects = {

/* Begin PBXBuildFile section */
		B73D17971FAACC7200249DC7 /* AppDelegate.swift in Sources */ = {isa = PBXBuildFile; fileRef = B73D17961FAACC7200249DC7 /* AppDelegate.swift */; };
		B73D17991FAACC7200249DC7 /* ViewController.swift in Sources */ = {isa = PBXBuildFile; fileRef = B73D17981FAACC7200249DC7 /* ViewController.swift */; };
		B73D179C1FAACC7200249DC7 /* Main.storyboard in Resources */ = {isa = PBXBuildFile; fileRef = B73D179A1FAACC7200249DC7 /* Main.storyboard */; };
		B73D179F1FAACC7200249DC7 /* NextPayDay.xcdatamodeld in Sources */ = {isa = PBXBuildFile; fileRef = B73D179D1FAACC7200249DC7 /* NextPayDay.xcdatamodeld */; };
		B73D17A11FAACC7200249DC7 /* Assets.xcassets in Resources */ = {isa = PBXBuildFile; fileRef = B73D17A01FAACC7200249DC7 /* Assets.xcassets */; };
		B73D17A41FAACC7200249DC7 /* LaunchScreen.storyboard in Resources */ = {isa = PBXBuildFile; fileRef = B73D17A21FAACC7200249DC7 /* LaunchScreen.storyboard */; };
		B73D17AF1FAACC7200249DC7 /* NextPayDayTests.swift in Sources */ = {isa = PBXBuildFile; fileRef = B73D17AE1FAACC7200249DC7 /* NextPayDayTests.swift */; };
		B73D17BA1FAACC7200249DC7 /* NextPayDayUITests.swift in Sources */ = {isa = PBXBuildFile; fileRef = B73D17B91FAACC7200249DC7 /* NextPayDayUITests.swift */; };
		B73D17CB1FAAD0CC00249DC7 /* SplashViewController.swift in Sources */ = {isa = PBXBuildFile; fileRef = B73D17CA1FAAD0CC00249DC7 /* SplashViewController.swift */; };
		B73D17CD1FAAD0F300249DC7 /* Splash.storyboard in Resources */ = {isa = PBXBuildFile; fileRef = B73D17CC1FAAD0F300249DC7 /* Splash.storyboard */; };
		B73D17CF1FAAD1BE00249DC7 /* AppContainerViewController.swift in Sources */ = {isa = PBXBuildFile; fileRef = B73D17CE1FAAD1BE00249DC7 /* AppContainerViewController.swift */; };
		B7F5C8861FAAD803008A971C /* DataContext.swift in Sources */ = {isa = PBXBuildFile; fileRef = B7F5C8851FAAD803008A971C /* DataContext.swift */; };
		B7F5C89C1FAADC99008A971C /* Interval+CoreDataClass.swift in Sources */ = {isa = PBXBuildFile; fileRef = B7F5C8981FAADC99008A971C /* Interval+CoreDataClass.swift */; };
		B7F5C89D1FAADC99008A971C /* Interval+CoreDataProperties.swift in Sources */ = {isa = PBXBuildFile; fileRef = B7F5C8991FAADC99008A971C /* Interval+CoreDataProperties.swift */; };
		B7F5C8A11FAADE39008A971C /* ModelExtensions.swift in Sources */ = {isa = PBXBuildFile; fileRef = B7F5C8A01FAADE39008A971C /* ModelExtensions.swift */; };
		B7F5C8A41FAADEA6008A971C /* Account+CoreDataClass.swift in Sources */ = {isa = PBXBuildFile; fileRef = B7F5C8A21FAADEA6008A971C /* Account+CoreDataClass.swift */; };
		B7F5C8A51FAADEA6008A971C /* Account+CoreDataProperties.swift in Sources */ = {isa = PBXBuildFile; fileRef = B7F5C8A31FAADEA6008A971C /* Account+CoreDataProperties.swift */; };
		B7F5C8A81FAAE0B5008A971C /* DataAccessor.swift in Sources */ = {isa = PBXBuildFile; fileRef = B7F5C8A71FAAE0B5008A971C /* DataAccessor.swift */; };
		B7F5C8AA1FAAE0EB008A971C /* AccountAccessor.swift in Sources */ = {isa = PBXBuildFile; fileRef = B7F5C8A91FAAE0EB008A971C /* AccountAccessor.swift */; };
		B7F5C8AC1FAAE2D0008A971C /* IntervalAccessor.swift in Sources */ = {isa = PBXBuildFile; fileRef = B7F5C8AB1FAAE2D0008A971C /* IntervalAccessor.swift */; };
		B7F5C8AE1FAAF208008A971C /* NextPayDayViewController.swift in Sources */ = {isa = PBXBuildFile; fileRef = B7F5C8AD1FAAF208008A971C /* NextPayDayViewController.swift */; };
/* End PBXBuildFile section */

/* Begin PBXContainerItemProxy section */
		B73D17AB1FAACC7200249DC7 /* PBXContainerItemProxy */ = {
			isa = PBXContainerItemProxy;
			containerPortal = B73D178B1FAACC7200249DC7 /* Project object */;
			proxyType = 1;
			remoteGlobalIDString = B73D17921FAACC7200249DC7;
			remoteInfo = NextPayDay;
		};
		B73D17B61FAACC7200249DC7 /* PBXContainerItemProxy */ = {
			isa = PBXContainerItemProxy;
			containerPortal = B73D178B1FAACC7200249DC7 /* Project object */;
			proxyType = 1;
			remoteGlobalIDString = B73D17921FAACC7200249DC7;
			remoteInfo = NextPayDay;
		};
/* End PBXContainerItemProxy section */

/* Begin PBXFileReference section */
		B73D17931FAACC7200249DC7 /* NextPayDay.app */ = {isa = PBXFileReference; explicitFileType = wrapper.application; includeInIndex = 0; path = NextPayDay.app; sourceTree = BUILT_PRODUCTS_DIR; };
		B73D17961FAACC7200249DC7 /* AppDelegate.swift */ = {isa = PBXFileReference; lastKnownFileType = sourcecode.swift; path = AppDelegate.swift; sourceTree = "<group>"; };
		B73D17981FAACC7200249DC7 /* ViewController.swift */ = {isa = PBXFileReference; lastKnownFileType = sourcecode.swift; path = ViewController.swift; sourceTree = "<group>"; };
		B73D179B1FAACC7200249DC7 /* Base */ = {isa = PBXFileReference; lastKnownFileType = file.storyboard; name = Base; path = Base.lproj/Main.storyboard; sourceTree = "<group>"; };
		B73D179E1FAACC7200249DC7 /* NextPayDay.xcdatamodel */ = {isa = PBXFileReference; lastKnownFileType = wrapper.xcdatamodel; path = NextPayDay.xcdatamodel; sourceTree = "<group>"; };
		B73D17A01FAACC7200249DC7 /* Assets.xcassets */ = {isa = PBXFileReference; lastKnownFileType = folder.assetcatalog; path = Assets.xcassets; sourceTree = "<group>"; };
		B73D17A31FAACC7200249DC7 /* Base */ = {isa = PBXFileReference; lastKnownFileType = file.storyboard; name = Base; path = Base.lproj/LaunchScreen.storyboard; sourceTree = "<group>"; };
		B73D17A51FAACC7200249DC7 /* Info.plist */ = {isa = PBXFileReference; lastKnownFileType = text.plist.xml; path = Info.plist; sourceTree = "<group>"; };
		B73D17AA1FAACC7200249DC7 /* NextPayDayTests.xctest */ = {isa = PBXFileReference; explicitFileType = wrapper.cfbundle; includeInIndex = 0; path = NextPayDayTests.xctest; sourceTree = BUILT_PRODUCTS_DIR; };
		B73D17AE1FAACC7200249DC7 /* NextPayDayTests.swift */ = {isa = PBXFileReference; lastKnownFileType = sourcecode.swift; path = NextPayDayTests.swift; sourceTree = "<group>"; };
		B73D17B01FAACC7200249DC7 /* Info.plist */ = {isa = PBXFileReference; lastKnownFileType = text.plist.xml; path = Info.plist; sourceTree = "<group>"; };
		B73D17B51FAACC7200249DC7 /* NextPayDayUITests.xctest */ = {isa = PBXFileReference; explicitFileType = wrapper.cfbundle; includeInIndex = 0; path = NextPayDayUITests.xctest; sourceTree = BUILT_PRODUCTS_DIR; };
		B73D17B91FAACC7200249DC7 /* NextPayDayUITests.swift */ = {isa = PBXFileReference; lastKnownFileType = sourcecode.swift; path = NextPayDayUITests.swift; sourceTree = "<group>"; };
		B73D17BB1FAACC7200249DC7 /* Info.plist */ = {isa = PBXFileReference; lastKnownFileType = text.plist.xml; path = Info.plist; sourceTree = "<group>"; };
		B73D17CA1FAAD0CC00249DC7 /* SplashViewController.swift */ = {isa = PBXFileReference; lastKnownFileType = sourcecode.swift; path = SplashViewController.swift; sourceTree = "<group>"; };
		B73D17CC1FAAD0F300249DC7 /* Splash.storyboard */ = {isa = PBXFileReference; lastKnownFileType = file.storyboard; path = Splash.storyboard; sourceTree = "<group>"; };
		B73D17CE1FAAD1BE00249DC7 /* AppContainerViewController.swift */ = {isa = PBXFileReference; lastKnownFileType = sourcecode.swift; path = AppContainerViewController.swift; sourceTree = "<group>"; };
		B7F5C8851FAAD803008A971C /* DataContext.swift */ = {isa = PBXFileReference; lastKnownFileType = sourcecode.swift; path = DataContext.swift; sourceTree = "<group>"; };
		B7F5C8981FAADC99008A971C /* Interval+CoreDataClass.swift */ = {isa = PBXFileReference; lastKnownFileType = sourcecode.swift; path = "Interval+CoreDataClass.swift"; sourceTree = "<group>"; };
		B7F5C8991FAADC99008A971C /* Interval+CoreDataProperties.swift */ = {isa = PBXFileReference; lastKnownFileType = sourcecode.swift; path = "Interval+CoreDataProperties.swift"; sourceTree = "<group>"; };
		B7F5C8A01FAADE39008A971C /* ModelExtensions.swift */ = {isa = PBXFileReference; lastKnownFileType = sourcecode.swift; path = ModelExtensions.swift; sourceTree = "<group>"; };
		B7F5C8A21FAADEA6008A971C /* Account+CoreDataClass.swift */ = {isa = PBXFileReference; lastKnownFileType = sourcecode.swift; path = "Account+CoreDataClass.swift"; sourceTree = "<group>"; };
		B7F5C8A31FAADEA6008A971C /* Account+CoreDataProperties.swift */ = {isa = PBXFileReference; lastKnownFileType = sourcecode.swift; path = "Account+CoreDataProperties.swift"; sourceTree = "<group>"; };
		B7F5C8A71FAAE0B5008A971C /* DataAccessor.swift */ = {isa = PBXFileReference; lastKnownFileType = sourcecode.swift; path = DataAccessor.swift; sourceTree = "<group>"; };
		B7F5C8A91FAAE0EB008A971C /* AccountAccessor.swift */ = {isa = PBXFileReference; lastKnownFileType = sourcecode.swift; path = AccountAccessor.swift; sourceTree = "<group>"; };
		B7F5C8AB1FAAE2D0008A971C /* IntervalAccessor.swift */ = {isa = PBXFileReference; lastKnownFileType = sourcecode.swift; path = IntervalAccessor.swift; sourceTree = "<group>"; };
		B7F5C8AD1FAAF208008A971C /* NextPayDayViewController.swift */ = {isa = PBXFileReference; lastKnownFileType = sourcecode.swift; path = NextPayDayViewController.swift; sourceTree = "<group>"; };
/* End PBXFileReference section */

/* Begin PBXFrameworksBuildPhase section */
		B73D17901FAACC7200249DC7 /* Frameworks */ = {
			isa = PBXFrameworksBuildPhase;
			buildActionMask = 2147483647;
			files = (
			);
			runOnlyForDeploymentPostprocessing = 0;
		};
		B73D17A71FAACC7200249DC7 /* Frameworks */ = {
			isa = PBXFrameworksBuildPhase;
			buildActionMask = 2147483647;
			files = (
			);
			runOnlyForDeploymentPostprocessing = 0;
		};
		B73D17B21FAACC7200249DC7 /* Frameworks */ = {
			isa = PBXFrameworksBuildPhase;
			buildActionMask = 2147483647;
			files = (
			);
			runOnlyForDeploymentPostprocessing = 0;
		};
/* End PBXFrameworksBuildPhase section */

/* Begin PBXGroup section */
		B73D178A1FAACC7200249DC7 = {
			isa = PBXGroup;
			children = (
				B73D17951FAACC7200249DC7 /* NextPayDay */,
				B73D17AD1FAACC7200249DC7 /* NextPayDayTests */,
				B73D17B81FAACC7200249DC7 /* NextPayDayUITests */,
				B73D17941FAACC7200249DC7 /* Products */,
			);
			sourceTree = "<group>";
		};
		B73D17941FAACC7200249DC7 /* Products */ = {
			isa = PBXGroup;
			children = (
				B73D17931FAACC7200249DC7 /* NextPayDay.app */,
				B73D17AA1FAACC7200249DC7 /* NextPayDayTests.xctest */,
				B73D17B51FAACC7200249DC7 /* NextPayDayUITests.xctest */,
			);
			name = Products;
			sourceTree = "<group>";
		};
		B73D17951FAACC7200249DC7 /* NextPayDay */ = {
			isa = PBXGroup;
			children = (
				B7F5C8841FAAD7EC008A971C /* Data */,
				B73D17C81FAACCCA00249DC7 /* ViewControllers */,
				B73D17C91FAACCD500249DC7 /* UI */,
				B73D17C71FAACCB600249DC7 /* Resources */,
				B73D17961FAACC7200249DC7 /* AppDelegate.swift */,
			);
			path = NextPayDay;
			sourceTree = "<group>";
		};
		B73D17AD1FAACC7200249DC7 /* NextPayDayTests */ = {
			isa = PBXGroup;
			children = (
				B73D17AE1FAACC7200249DC7 /* NextPayDayTests.swift */,
				B73D17B01FAACC7200249DC7 /* Info.plist */,
			);
			path = NextPayDayTests;
			sourceTree = "<group>";
		};
		B73D17B81FAACC7200249DC7 /* NextPayDayUITests */ = {
			isa = PBXGroup;
			children = (
				B73D17B91FAACC7200249DC7 /* NextPayDayUITests.swift */,
				B73D17BB1FAACC7200249DC7 /* Info.plist */,
			);
			path = NextPayDayUITests;
			sourceTree = "<group>";
		};
		B73D17C71FAACCB600249DC7 /* Resources */ = {
			isa = PBXGroup;
			children = (
				B73D179D1FAACC7200249DC7 /* NextPayDay.xcdatamodeld */,
				B73D17A51FAACC7200249DC7 /* Info.plist */,
				B73D17A01FAACC7200249DC7 /* Assets.xcassets */,
			);
			path = Resources;
			sourceTree = "<group>";
		};
		B73D17C81FAACCCA00249DC7 /* ViewControllers */ = {
			isa = PBXGroup;
			children = (
				B73D17981FAACC7200249DC7 /* ViewController.swift */,
				B73D17CE1FAAD1BE00249DC7 /* AppContainerViewController.swift */,
				B73D17CA1FAAD0CC00249DC7 /* SplashViewController.swift */,
				B7F5C8AD1FAAF208008A971C /* NextPayDayViewController.swift */,
			);
			path = ViewControllers;
			sourceTree = "<group>";
		};
		B73D17C91FAACCD500249DC7 /* UI */ = {
			isa = PBXGroup;
			children = (
				B73D179A1FAACC7200249DC7 /* Main.storyboard */,
				B73D17A21FAACC7200249DC7 /* LaunchScreen.storyboard */,
				B73D17CC1FAAD0F300249DC7 /* Splash.storyboard */,
			);
			path = UI;
			sourceTree = "<group>";
		};
		B7F5C8841FAAD7EC008A971C /* Data */ = {
			isa = PBXGroup;
			children = (
				B7F5C8871FAADBFB008A971C /* Models */,
				B7F5C8A61FAAE0A2008A971C /* Accessors */,
				B7F5C8851FAAD803008A971C /* DataContext.swift */,
			);
			path = Data;
			sourceTree = "<group>";
		};
		B7F5C8871FAADBFB008A971C /* Models */ = {
			isa = PBXGroup;
			children = (
				B7F5C8A21FAADEA6008A971C /* Account+CoreDataClass.swift */,
				B7F5C8A31FAADEA6008A971C /* Account+CoreDataProperties.swift */,
				B7F5C8981FAADC99008A971C /* Interval+CoreDataClass.swift */,
				B7F5C8991FAADC99008A971C /* Interval+CoreDataProperties.swift */,
				B7F5C8A01FAADE39008A971C /* ModelExtensions.swift */,
			);
			path = Models;
			sourceTree = "<group>";
		};
		B7F5C8A61FAAE0A2008A971C /* Accessors */ = {
			isa = PBXGroup;
			children = (
				B7F5C8A71FAAE0B5008A971C /* DataAccessor.swift */,
				B7F5C8A91FAAE0EB008A971C /* AccountAccessor.swift */,
				B7F5C8AB1FAAE2D0008A971C /* IntervalAccessor.swift */,
			);
			path = Accessors;
			sourceTree = "<group>";
		};
/* End PBXGroup section */

/* Begin PBXNativeTarget section */
		B73D17921FAACC7200249DC7 /* NextPayDay */ = {
			isa = PBXNativeTarget;
			buildConfigurationList = B73D17BE1FAACC7200249DC7 /* Build configuration list for PBXNativeTarget "NextPayDay" */;
			buildPhases = (
				B73D178F1FAACC7200249DC7 /* Sources */,
				B73D17901FAACC7200249DC7 /* Frameworks */,
				B73D17911FAACC7200249DC7 /* Resources */,
			);
			buildRules = (
			);
			dependencies = (
			);
			name = NextPayDay;
			productName = NextPayDay;
			productReference = B73D17931FAACC7200249DC7 /* NextPayDay.app */;
			productType = "com.apple.product-type.application";
		};
		B73D17A91FAACC7200249DC7 /* NextPayDayTests */ = {
			isa = PBXNativeTarget;
			buildConfigurationList = B73D17C11FAACC7200249DC7 /* Build configuration list for PBXNativeTarget "NextPayDayTests" */;
			buildPhases = (
				B73D17A61FAACC7200249DC7 /* Sources */,
				B73D17A71FAACC7200249DC7 /* Frameworks */,
				B73D17A81FAACC7200249DC7 /* Resources */,
			);
			buildRules = (
			);
			dependencies = (
				B73D17AC1FAACC7200249DC7 /* PBXTargetDependency */,
			);
			name = NextPayDayTests;
			productName = NextPayDayTests;
			productReference = B73D17AA1FAACC7200249DC7 /* NextPayDayTests.xctest */;
			productType = "com.apple.product-type.bundle.unit-test";
		};
		B73D17B41FAACC7200249DC7 /* NextPayDayUITests */ = {
			isa = PBXNativeTarget;
			buildConfigurationList = B73D17C41FAACC7200249DC7 /* Build configuration list for PBXNativeTarget "NextPayDayUITests" */;
			buildPhases = (
				B73D17B11FAACC7200249DC7 /* Sources */,
				B73D17B21FAACC7200249DC7 /* Frameworks */,
				B73D17B31FAACC7200249DC7 /* Resources */,
			);
			buildRules = (
			);
			dependencies = (
				B73D17B71FAACC7200249DC7 /* PBXTargetDependency */,
			);
			name = NextPayDayUITests;
			productName = NextPayDayUITests;
			productReference = B73D17B51FAACC7200249DC7 /* NextPayDayUITests.xctest */;
			productType = "com.apple.product-type.bundle.ui-testing";
		};
/* End PBXNativeTarget section */

/* Begin PBXProject section */
		B73D178B1FAACC7200249DC7 /* Project object */ = {
			isa = PBXProject;
			attributes = {
				LastSwiftUpdateCheck = 0900;
				LastUpgradeCheck = 0900;
				ORGANIZATIONNAME = Wendell;
				TargetAttributes = {
					B73D17921FAACC7200249DC7 = {
						CreatedOnToolsVersion = 9.0.1;
						ProvisioningStyle = Automatic;
					};
					B73D17A91FAACC7200249DC7 = {
						CreatedOnToolsVersion = 9.0.1;
						ProvisioningStyle = Automatic;
						TestTargetID = B73D17921FAACC7200249DC7;
					};
					B73D17B41FAACC7200249DC7 = {
						CreatedOnToolsVersion = 9.0.1;
						ProvisioningStyle = Automatic;
						TestTargetID = B73D17921FAACC7200249DC7;
					};
				};
			};
			buildConfigurationList = B73D178E1FAACC7200249DC7 /* Build configuration list for PBXProject "NextPayDay" */;
			compatibilityVersion = "Xcode 8.0";
			developmentRegion = en;
			hasScannedForEncodings = 0;
			knownRegions = (
				en,
				Base,
			);
			mainGroup = B73D178A1FAACC7200249DC7;
			productRefGroup = B73D17941FAACC7200249DC7 /* Products */;
			projectDirPath = "";
			projectRoot = "";
			targets = (
				B73D17921FAACC7200249DC7 /* NextPayDay */,
				B73D17A91FAACC7200249DC7 /* NextPayDayTests */,
				B73D17B41FAACC7200249DC7 /* NextPayDayUITests */,
			);
		};
/* End PBXProject section */

/* Begin PBXResourcesBuildPhase section */
		B73D17911FAACC7200249DC7 /* Resources */ = {
			isa = PBXResourcesBuildPhase;
			buildActionMask = 2147483647;
			files = (
				B73D17A41FAACC7200249DC7 /* LaunchScreen.storyboard in Resources */,
				B73D17A11FAACC7200249DC7 /* Assets.xcassets in Resources */,
				B73D179C1FAACC7200249DC7 /* Main.storyboard in Resources */,
				B73D17CD1FAAD0F300249DC7 /* Splash.storyboard in Resources */,
			);
			runOnlyForDeploymentPostprocessing = 0;
		};
		B73D17A81FAACC7200249DC7 /* Resources */ = {
			isa = PBXResourcesBuildPhase;
			buildActionMask = 2147483647;
			files = (
			);
			runOnlyForDeploymentPostprocessing = 0;
		};
		B73D17B31FAACC7200249DC7 /* Resources */ = {
			isa = PBXResourcesBuildPhase;
			buildActionMask = 2147483647;
			files = (
			);
			runOnlyForDeploymentPostprocessing = 0;
		};
/* End PBXResourcesBuildPhase section */

/* Begin PBXSourcesBuildPhase section */
		B73D178F1FAACC7200249DC7 /* Sources */ = {
			isa = PBXSourcesBuildPhase;
			buildActionMask = 2147483647;
			files = (
				B73D17991FAACC7200249DC7 /* ViewController.swift in Sources */,
				B7F5C8AC1FAAE2D0008A971C /* IntervalAccessor.swift in Sources */,
				B7F5C8A51FAADEA6008A971C /* Account+CoreDataProperties.swift in Sources */,
				B7F5C8A81FAAE0B5008A971C /* DataAccessor.swift in Sources */,
				B7F5C8A41FAADEA6008A971C /* Account+CoreDataClass.swift in Sources */,
				B7F5C8861FAAD803008A971C /* DataContext.swift in Sources */,
				B73D179F1FAACC7200249DC7 /* NextPayDay.xcdatamodeld in Sources */,
				B73D17971FAACC7200249DC7 /* AppDelegate.swift in Sources */,
				B7F5C8AE1FAAF208008A971C /* NextPayDayViewController.swift in Sources */,
				B7F5C89D1FAADC99008A971C /* Interval+CoreDataProperties.swift in Sources */,
				B73D17CB1FAAD0CC00249DC7 /* SplashViewController.swift in Sources */,
				B7F5C8A11FAADE39008A971C /* ModelExtensions.swift in Sources */,
				B7F5C89C1FAADC99008A971C /* Interval+CoreDataClass.swift in Sources */,
				B7F5C8AA1FAAE0EB008A971C /* AccountAccessor.swift in Sources */,
				B73D17CF1FAAD1BE00249DC7 /* AppContainerViewController.swift in Sources */,
			);
			runOnlyForDeploymentPostprocessing = 0;
		};
		B73D17A61FAACC7200249DC7 /* Sources */ = {
			isa = PBXSourcesBuildPhase;
			buildActionMask = 2147483647;
			files = (
				B73D17AF1FAACC7200249DC7 /* NextPayDayTests.swift in Sources */,
			);
			runOnlyForDeploymentPostprocessing = 0;
		};
		B73D17B11FAACC7200249DC7 /* Sources */ = {
			isa = PBXSourcesBuildPhase;
			buildActionMask = 2147483647;
			files = (
				B73D17BA1FAACC7200249DC7 /* NextPayDayUITests.swift in Sources */,
			);
			runOnlyForDeploymentPostprocessing = 0;
		};
/* End PBXSourcesBuildPhase section */

/* Begin PBXTargetDependency section */
		B73D17AC1FAACC7200249DC7 /* PBXTargetDependency */ = {
			isa = PBXTargetDependency;
			target = B73D17921FAACC7200249DC7 /* NextPayDay */;
			targetProxy = B73D17AB1FAACC7200249DC7 /* PBXContainerItemProxy */;
		};
		B73D17B71FAACC7200249DC7 /* PBXTargetDependency */ = {
			isa = PBXTargetDependency;
			target = B73D17921FAACC7200249DC7 /* NextPayDay */;
			targetProxy = B73D17B61FAACC7200249DC7 /* PBXContainerItemProxy */;
		};
/* End PBXTargetDependency section */

/* Begin PBXVariantGroup section */
		B73D179A1FAACC7200249DC7 /* Main.storyboard */ = {
			isa = PBXVariantGroup;
			children = (
				B73D179B1FAACC7200249DC7 /* Base */,
			);
			name = Main.storyboard;
			sourceTree = "<group>";
		};
		B73D17A21FAACC7200249DC7 /* LaunchScreen.storyboard */ = {
			isa = PBXVariantGroup;
			children = (
				B73D17A31FAACC7200249DC7 /* Base */,
			);
			name = LaunchScreen.storyboard;
			sourceTree = "<group>";
		};
/* End PBXVariantGroup section */

/* Begin XCBuildConfiguration section */
		B73D17BC1FAACC7200249DC7 /* Debug */ = {
			isa = XCBuildConfiguration;
			buildSettings = {
				ALWAYS_SEARCH_USER_PATHS = NO;
				CLANG_ANALYZER_NONNULL = YES;
				CLANG_ANALYZER_NUMBER_OBJECT_CONVERSION = YES_AGGRESSIVE;
				CLANG_CXX_LANGUAGE_STANDARD = "gnu++14";
				CLANG_CXX_LIBRARY = "libc++";
				CLANG_ENABLE_MODULES = YES;
				CLANG_ENABLE_OBJC_ARC = YES;
				CLANG_WARN_BLOCK_CAPTURE_AUTORELEASING = YES;
				CLANG_WARN_BOOL_CONVERSION = YES;
				CLANG_WARN_COMMA = YES;
				CLANG_WARN_CONSTANT_CONVERSION = YES;
				CLANG_WARN_DIRECT_OBJC_ISA_USAGE = YES_ERROR;
				CLANG_WARN_DOCUMENTATION_COMMENTS = YES;
				CLANG_WARN_EMPTY_BODY = YES;
				CLANG_WARN_ENUM_CONVERSION = YES;
				CLANG_WARN_INFINITE_RECURSION = YES;
				CLANG_WARN_INT_CONVERSION = YES;
				CLANG_WARN_NON_LITERAL_NULL_CONVERSION = YES;
				CLANG_WARN_OBJC_LITERAL_CONVERSION = YES;
				CLANG_WARN_OBJC_ROOT_CLASS = YES_ERROR;
				CLANG_WARN_RANGE_LOOP_ANALYSIS = YES;
				CLANG_WARN_STRICT_PROTOTYPES = YES;
				CLANG_WARN_SUSPICIOUS_MOVE = YES;
				CLANG_WARN_UNGUARDED_AVAILABILITY = YES_AGGRESSIVE;
				CLANG_WARN_UNREACHABLE_CODE = YES;
				CLANG_WARN__DUPLICATE_METHOD_MATCH = YES;
				CODE_SIGN_IDENTITY = "iPhone Developer";
				COPY_PHASE_STRIP = NO;
				DEBUG_INFORMATION_FORMAT = dwarf;
				ENABLE_STRICT_OBJC_MSGSEND = YES;
				ENABLE_TESTABILITY = YES;
				GCC_C_LANGUAGE_STANDARD = gnu11;
				GCC_DYNAMIC_NO_PIC = NO;
				GCC_NO_COMMON_BLOCKS = YES;
				GCC_OPTIMIZATION_LEVEL = 0;
				GCC_PREPROCESSOR_DEFINITIONS = (
					"DEBUG=1",
					"$(inherited)",
				);
				GCC_WARN_64_TO_32_BIT_CONVERSION = YES;
				GCC_WARN_ABOUT_RETURN_TYPE = YES_ERROR;
				GCC_WARN_UNDECLARED_SELECTOR = YES;
				GCC_WARN_UNINITIALIZED_AUTOS = YES_AGGRESSIVE;
				GCC_WARN_UNUSED_FUNCTION = YES;
				GCC_WARN_UNUSED_VARIABLE = YES;
				IPHONEOS_DEPLOYMENT_TARGET = 11.0;
				MTL_ENABLE_DEBUG_INFO = YES;
				ONLY_ACTIVE_ARCH = YES;
				SDKROOT = iphoneos;
				SWIFT_ACTIVE_COMPILATION_CONDITIONS = DEBUG;
				SWIFT_OPTIMIZATION_LEVEL = "-Onone";
			};
			name = Debug;
		};
		B73D17BD1FAACC7200249DC7 /* Release */ = {
			isa = XCBuildConfiguration;
			buildSettings = {
				ALWAYS_SEARCH_USER_PATHS = NO;
				CLANG_ANALYZER_NONNULL = YES;
				CLANG_ANALYZER_NUMBER_OBJECT_CONVERSION = YES_AGGRESSIVE;
				CLANG_CXX_LANGUAGE_STANDARD = "gnu++14";
				CLANG_CXX_LIBRARY = "libc++";
				CLANG_ENABLE_MODULES = YES;
				CLANG_ENABLE_OBJC_ARC = YES;
				CLANG_WARN_BLOCK_CAPTURE_AUTORELEASING = YES;
				CLANG_WARN_BOOL_CONVERSION = YES;
				CLANG_WARN_COMMA = YES;
				CLANG_WARN_CONSTANT_CONVERSION = YES;
				CLANG_WARN_DIRECT_OBJC_ISA_USAGE = YES_ERROR;
				CLANG_WARN_DOCUMENTATION_COMMENTS = YES;
				CLANG_WARN_EMPTY_BODY = YES;
				CLANG_WARN_ENUM_CONVERSION = YES;
				CLANG_WARN_INFINITE_RECURSION = YES;
				CLANG_WARN_INT_CONVERSION = YES;
				CLANG_WARN_NON_LITERAL_NULL_CONVERSION = YES;
				CLANG_WARN_OBJC_LITERAL_CONVERSION = YES;
				CLANG_WARN_OBJC_ROOT_CLASS = YES_ERROR;
				CLANG_WARN_RANGE_LOOP_ANALYSIS = YES;
				CLANG_WARN_STRICT_PROTOTYPES = YES;
				CLANG_WARN_SUSPICIOUS_MOVE = YES;
				CLANG_WARN_UNGUARDED_AVAILABILITY = YES_AGGRESSIVE;
				CLANG_WARN_UNREACHABLE_CODE = YES;
				CLANG_WARN__DUPLICATE_METHOD_MATCH = YES;
				CODE_SIGN_IDENTITY = "iPhone Developer";
				COPY_PHASE_STRIP = NO;
				DEBUG_INFORMATION_FORMAT = "dwarf-with-dsym";
				ENABLE_NS_ASSERTIONS = NO;
				ENABLE_STRICT_OBJC_MSGSEND = YES;
				GCC_C_LANGUAGE_STANDARD = gnu11;
				GCC_NO_COMMON_BLOCKS = YES;
				GCC_WARN_64_TO_32_BIT_CONVERSION = YES;
				GCC_WARN_ABOUT_RETURN_TYPE = YES_ERROR;
				GCC_WARN_UNDECLARED_SELECTOR = YES;
				GCC_WARN_UNINITIALIZED_AUTOS = YES_AGGRESSIVE;
				GCC_WARN_UNUSED_FUNCTION = YES;
				GCC_WARN_UNUSED_VARIABLE = YES;
				IPHONEOS_DEPLOYMENT_TARGET = 11.0;
				MTL_ENABLE_DEBUG_INFO = NO;
				SDKROOT = iphoneos;
				SWIFT_OPTIMIZATION_LEVEL = "-Owholemodule";
				VALIDATE_PRODUCT = YES;
			};
			name = Release;
		};
		B73D17BF1FAACC7200249DC7 /* Debug */ = {
			isa = XCBuildConfiguration;
			buildSettings = {
				ASSETCATALOG_COMPILER_APPICON_NAME = AppIcon;
				CODE_SIGN_STYLE = Automatic;
				DEVELOPMENT_TEAM = TRM99TMZD2;
				INFOPLIST_FILE = NextPayDay/Resources/Info.plist;
				LD_RUNPATH_SEARCH_PATHS = "$(inherited) @executable_path/Frameworks";
				PRODUCT_BUNDLE_IDENTIFIER = com.wendell.apps.NextPayDay;
				PRODUCT_NAME = "$(TARGET_NAME)";
				SWIFT_VERSION = 4.0;
				TARGETED_DEVICE_FAMILY = "1,2";
			};
			name = Debug;
		};
		B73D17C01FAACC7200249DC7 /* Release */ = {
			isa = XCBuildConfiguration;
			buildSettings = {
				ASSETCATALOG_COMPILER_APPICON_NAME = AppIcon;
				CODE_SIGN_STYLE = Automatic;
				DEVELOPMENT_TEAM = TRM99TMZD2;
				INFOPLIST_FILE = NextPayDay/Resources/Info.plist;
				LD_RUNPATH_SEARCH_PATHS = "$(inherited) @executable_path/Frameworks";
				PRODUCT_BUNDLE_IDENTIFIER = com.wendell.apps.NextPayDay;
				PRODUCT_NAME = "$(TARGET_NAME)";
				SWIFT_VERSION = 4.0;
				TARGETED_DEVICE_FAMILY = "1,2";
			};
			name = Release;
		};
		B73D17C21FAACC7200249DC7 /* Debug */ = {
			isa = XCBuildConfiguration;
			buildSettings = {
				ALWAYS_EMBED_SWIFT_STANDARD_LIBRARIES = YES;
				BUNDLE_LOADER = "$(TEST_HOST)";
				CODE_SIGN_STYLE = Automatic;
				DEVELOPMENT_TEAM = TRM99TMZD2;
				INFOPLIST_FILE = NextPayDayTests/Info.plist;
				LD_RUNPATH_SEARCH_PATHS = "$(inherited) @executable_path/Frameworks @loader_path/Frameworks";
				PRODUCT_BUNDLE_IDENTIFIER = com.wendell.apps.NextPayDayTests;
				PRODUCT_NAME = "$(TARGET_NAME)";
				SWIFT_VERSION = 4.0;
				TARGETED_DEVICE_FAMILY = "1,2";
				TEST_HOST = "$(BUILT_PRODUCTS_DIR)/NextPayDay.app/NextPayDay";
			};
			name = Debug;
		};
		B73D17C31FAACC7200249DC7 /* Release */ = {
			isa = XCBuildConfiguration;
			buildSettings = {
				ALWAYS_EMBED_SWIFT_STANDARD_LIBRARIES = YES;
				BUNDLE_LOADER = "$(TEST_HOST)";
				CODE_SIGN_STYLE = Automatic;
				DEVELOPMENT_TEAM = TRM99TMZD2;
				INFOPLIST_FILE = NextPayDayTests/Info.plist;
				LD_RUNPATH_SEARCH_PATHS = "$(inherited) @executable_path/Frameworks @loader_path/Frameworks";
				PRODUCT_BUNDLE_IDENTIFIER = com.wendell.apps.NextPayDayTests;
				PRODUCT_NAME = "$(TARGET_NAME)";
				SWIFT_VERSION = 4.0;
				TARGETED_DEVICE_FAMILY = "1,2";
				TEST_HOST = "$(BUILT_PRODUCTS_DIR)/NextPayDay.app/NextPayDay";
			};
			name = Release;
		};
		B73D17C51FAACC7200249DC7 /* Debug */ = {
			isa = XCBuildConfiguration;
			buildSettings = {
				ALWAYS_EMBED_SWIFT_STANDARD_LIBRARIES = YES;
				CODE_SIGN_STYLE = Automatic;
				DEVELOPMENT_TEAM = TRM99TMZD2;
				INFOPLIST_FILE = NextPayDayUITests/Info.plist;
				LD_RUNPATH_SEARCH_PATHS = "$(inherited) @executable_path/Frameworks @loader_path/Frameworks";
				PRODUCT_BUNDLE_IDENTIFIER = com.wendell.apps.NextPayDayUITests;
				PRODUCT_NAME = "$(TARGET_NAME)";
				SWIFT_VERSION = 4.0;
				TARGETED_DEVICE_FAMILY = "1,2";
				TEST_TARGET_NAME = NextPayDay;
			};
			name = Debug;
		};
		B73D17C61FAACC7200249DC7 /* Release */ = {
			isa = XCBuildConfiguration;
			buildSettings = {
				ALWAYS_EMBED_SWIFT_STANDARD_LIBRARIES = YES;
				CODE_SIGN_STYLE = Automatic;
				DEVELOPMENT_TEAM = TRM99TMZD2;
				INFOPLIST_FILE = NextPayDayUITests/Info.plist;
				LD_RUNPATH_SEARCH_PATHS = "$(inherited) @executable_path/Frameworks @loader_path/Frameworks";
				PRODUCT_BUNDLE_IDENTIFIER = com.wendell.apps.NextPayDayUITests;
				PRODUCT_NAME = "$(TARGET_NAME)";
				SWIFT_VERSION = 4.0;
				TARGETED_DEVICE_FAMILY = "1,2";
				TEST_TARGET_NAME = NextPayDay;
			};
			name = Release;
		};
/* End XCBuildConfiguration section */

/* Begin XCConfigurationList section */
		B73D178E1FAACC7200249DC7 /* Build configuration list for PBXProject "NextPayDay" */ = {
			isa = XCConfigurationList;
			buildConfigurations = (
				B73D17BC1FAACC7200249DC7 /* Debug */,
				B73D17BD1FAACC7200249DC7 /* Release */,
			);
			defaultConfigurationIsVisible = 0;
			defaultConfigurationName = Release;
		};
		B73D17BE1FAACC7200249DC7 /* Build configuration list for PBXNativeTarget "NextPayDay" */ = {
			isa = XCConfigurationList;
			buildConfigurations = (
				B73D17BF1FAACC7200249DC7 /* Debug */,
				B73D17C01FAACC7200249DC7 /* Release */,
			);
			defaultConfigurationIsVisible = 0;
			defaultConfigurationName = Release;
		};
		B73D17C11FAACC7200249DC7 /* Build configuration list for PBXNativeTarget "NextPayDayTests" */ = {
			isa = XCConfigurationList;
			buildConfigurations = (
				B73D17C21FAACC7200249DC7 /* Debug */,
				B73D17C31FAACC7200249DC7 /* Release */,
			);
			defaultConfigurationIsVisible = 0;
			defaultConfigurationName = Release;
		};
		B73D17C41FAACC7200249DC7 /* Build configuration list for PBXNativeTarget "NextPayDayUITests" */ = {
			isa = XCConfigurationList;
			buildConfigurations = (
				B73D17C51FAACC7200249DC7 /* Debug */,
				B73D17C61FAACC7200249DC7 /* Release */,
			);
			defaultConfigurationIsVisible = 0;
			defaultConfigurationName = Release;
		};
/* End XCConfigurationList section */

/* Begin XCVersionGroup section */
		B73D179D1FAACC7200249DC7 /* NextPayDay.xcdatamodeld */ = {
			isa = XCVersionGroup;
			children = (
				B73D179E1FAACC7200249DC7 /* NextPayDay.xcdatamodel */,
			);
			currentVersion = B73D179E1FAACC7200249DC7 /* NextPayDay.xcdatamodel */;
			path = NextPayDay.xcdatamodeld;
			sourceTree = "<group>";
			versionGroupType = wrapper.xcdatamodel;
		};
/* End XCVersionGroup section */
	};
	rootObject = B73D178B1FAACC7200249DC7 /* Project object */;
}
